{
  "name": "autoparkpass",
  "version": "1.0.0",
  "lockfileVersion": 3,
  "requires": true,
  "packages": {
    "": {
      "name": "autoparkpass",
      "version": "1.0.0",
      "license": "ISC",
      "dependencies": {
        "@types/minimist": "^1.2.2",
        "dotenv": "^16.0.3",
        "envalid": "^7.3.1",
        "minimist": "^1.2.8"
      },
      "devDependencies": {
        "@types/node": "^18.14.6",
        "playwright": "^1.31.2",
        "rimraf": "^4.3.1",
        "typescript": "^4.9.5"
      }
    },
    "node_modules/@types/minimist": {
      "version": "1.2.2",
      "resolved": "https://registry.npmjs.org/@types/minimist/-/minimist-1.2.2.tgz",
      "integrity": "sha512-jhuKLIRrhvCPLqwPcx6INqmKeiA5EWrsCOPhrlFSrbrmU4ZMPjj5Ul/oLCMDO98XRUIwVm78xICz4EPCektzeQ=="
    },
    "node_modules/@types/node": {
      "version": "18.14.6",
      "resolved": "https://registry.npmjs.org/@types/node/-/node-18.14.6.tgz",
      "integrity": "sha512-93+VvleD3mXwlLI/xASjw0FzKcwzl3OdTCzm1LaRfqgS21gfFtK3zDXM5Op9TeeMsJVOaJ2VRDpT9q4Y3d0AvA==",
      "dev": true
    },
    "node_modules/balanced-match": {
      "version": "1.0.2",
      "resolved": "https://registry.npmjs.org/balanced-match/-/balanced-match-1.0.2.tgz",
      "integrity": "sha512-3oSeUO0TMV67hN1AmbXsK4yaqU7tjiHlbxRDZOpH0KW9+CeX4bRAaX0Anxt0tx2MrpRpWwQaPwIlISEJhYU5Pw==",
      "dev": true
    },
    "node_modules/brace-expansion": {
      "version": "2.0.1",
      "resolved": "https://registry.npmjs.org/brace-expansion/-/brace-expansion-2.0.1.tgz",
      "integrity": "sha512-XnAIvQ8eM+kC6aULx6wuQiwVsnzsi9d3WxzV3FpWTGA19F621kwdbsAcFKXgKUHZWsy+mY6iL1sHTxWEFCytDA==",
      "dev": true,
      "dependencies": {
        "balanced-match": "^1.0.0"
      }
    },
    "node_modules/dotenv": {
      "version": "16.0.3",
      "resolved": "https://registry.npmjs.org/dotenv/-/dotenv-16.0.3.tgz",
      "integrity": "sha512-7GO6HghkA5fYG9TYnNxi14/7K9f5occMlp3zXAuSxn7CKCxt9xbNWG7yF8hTCSUchlfWSe3uLmlPfigevRItzQ==",
      "engines": {
        "node": ">=12"
      }
    },
    "node_modules/envalid": {
      "version": "7.3.1",
      "resolved": "https://registry.npmjs.org/envalid/-/envalid-7.3.1.tgz",
      "integrity": "sha512-KL1YRwn8WcoF/Ty7t+yLLtZol01xr9ZJMTjzoGRM8NaSU+nQQjSWOQKKJhJP2P57bpdakJ9jbxqQX4fGTOicZg==",
      "dependencies": {
        "tslib": "2.3.1"
      },
      "engines": {
        "node": ">=8.12"
      }
    },
    "node_modules/fs.realpath": {
      "version": "1.0.0",
      "resolved": "https://registry.npmjs.org/fs.realpath/-/fs.realpath-1.0.0.tgz",
      "integrity": "sha512-OO0pH2lK6a0hZnAdau5ItzHPI6pUlvI7jMVnxUQRtw4owF2wk8lOSabtGDCTP4Ggrg2MbGnWO9X8K1t4+fGMDw==",
      "dev": true
    },
    "node_modules/glob": {
      "version": "9.2.1",
      "resolved": "https://registry.npmjs.org/glob/-/glob-9.2.1.tgz",
      "integrity": "sha512-Pxxgq3W0HyA3XUvSXcFhRSs+43Jsx0ddxcFrbjxNGkL2Ak5BAUBxLqI5G6ADDeCHLfzzXFhe0b1yYcctGmytMA==",
      "dev": true,
      "dependencies": {
        "fs.realpath": "^1.0.0",
        "minimatch": "^7.4.1",
        "minipass": "^4.2.4",
        "path-scurry": "^1.6.1"
      },
      "engines": {
        "node": ">=16 || 14 >=14.17"
      },
      "funding": {
        "url": "https://github.com/sponsors/isaacs"
      }
    },
    "node_modules/lru-cache": {
      "version": "7.18.3",
      "resolved": "https://registry.npmjs.org/lru-cache/-/lru-cache-7.18.3.tgz",
      "integrity": "sha512-jumlc0BIUrS3qJGgIkWZsyfAM7NCWiBcCDhnd+3NNM5KbBmLTgHVfWBcg6W+rLUsIpzpERPsvwUP7CckAQSOoA==",
      "dev": true,
      "engines": {
        "node": ">=12"
      }
    },
    "node_modules/minimatch": {
      "version": "7.4.2",
      "resolved": "https://registry.npmjs.org/minimatch/-/minimatch-7.4.2.tgz",
      "integrity": "sha512-xy4q7wou3vUoC9k1xGTXc+awNdGaGVHtFUaey8tiX4H1QRc04DZ/rmDFwNm2EBsuYEhAZ6SgMmYf3InGY6OauA==",
      "dev": true,
      "dependencies": {
        "brace-expansion": "^2.0.1"
      },
      "engines": {
        "node": ">=10"
      },
      "funding": {
        "url": "https://github.com/sponsors/isaacs"
      }
    },
    "node_modules/minimist": {
      "version": "1.2.8",
      "resolved": "https://registry.npmjs.org/minimist/-/minimist-1.2.8.tgz",
      "integrity": "sha512-2yyAR8qBkN3YuheJanUpWC5U3bb5osDywNB8RzDVlDwDHbocAJveqqj1u8+SVD7jkWT4yvsHCpWqqWqAxb0zCA==",
      "funding": {
        "url": "https://github.com/sponsors/ljharb"
      }
    },
    "node_modules/minipass": {
      "version": "4.2.4",
      "resolved": "https://registry.npmjs.org/minipass/-/minipass-4.2.4.tgz",
      "integrity": "sha512-lwycX3cBMTvcejsHITUgYj6Gy6A7Nh4Q6h9NP4sTHY1ccJlC7yKzDmiShEHsJ16Jf1nKGDEaiHxiltsJEvk0nQ==",
      "dev": true,
      "engines": {
        "node": ">=8"
      }
    },
    "node_modules/path-scurry": {
      "version": "1.6.1",
      "resolved": "https://registry.npmjs.org/path-scurry/-/path-scurry-1.6.1.tgz",
      "integrity": "sha512-OW+5s+7cw6253Q4E+8qQ/u1fVvcJQCJo/VFD8pje+dbJCF1n5ZRMV2AEHbGp+5Q7jxQIYJxkHopnj6nzdGeZLA==",
      "dev": true,
      "dependencies": {
        "lru-cache": "^7.14.1",
        "minipass": "^4.0.2"
      },
      "engines": {
        "node": ">=14"
      },
      "funding": {
        "url": "https://github.com/sponsors/isaacs"
      }
    },
    "node_modules/playwright": {
      "version": "1.31.2",
      "resolved": "https://registry.npmjs.org/playwright/-/playwright-1.31.2.tgz",
      "integrity": "sha512-jpC47n2PKQNtzB7clmBuWh6ftBRS/Bt5EGLigJ9k2QAKcNeYXZkEaDH5gmvb6+AbcE0DO6GnXdbl9ogG6Eh+og==",
      "dev": true,
      "hasInstallScript": true,
      "dependencies": {
        "playwright-core": "1.31.2"
      },
      "bin": {
        "playwright": "cli.js"
      },
      "engines": {
        "node": ">=14"
      }
    },
    "node_modules/playwright-core": {
      "version": "1.31.2",
      "resolved": "https://registry.npmjs.org/playwright-core/-/playwright-core-1.31.2.tgz",
      "integrity": "sha512-a1dFgCNQw4vCsG7bnojZjDnPewZcw7tZUNFN0ZkcLYKj+mPmXvg4MpaaKZ5SgqPsOmqIf2YsVRkgqiRDxD+fDQ==",
      "dev": true,
      "bin": {
        "playwright": "cli.js"
      },
      "engines": {
        "node": ">=14"
      }
    },
    "node_modules/rimraf": {
      "version": "4.3.1",
      "resolved": "https://registry.npmjs.org/rimraf/-/rimraf-4.3.1.tgz",
      "integrity": "sha512-GfHJHBzFQra23IxDzIdBqhOWfbtdgS1/dCHrDy+yvhpoJY5TdwdT28oWaHWfRpKFDLd3GZnGTx6Mlt4+anbsxQ==",
      "dev": true,
      "dependencies": {
        "glob": "^9.2.0"
      },
      "bin": {
        "rimraf": "dist/cjs/src/bin.js"
      },
      "engines": {
        "node": ">=14"
      },
      "funding": {
        "url": "https://github.com/sponsors/isaacs"
      }
    },
    "node_modules/tslib": {
      "version": "2.3.1",
      "resolved": "https://registry.npmjs.org/tslib/-/tslib-2.3.1.tgz",
      "integrity": "sha512-77EbyPPpMz+FRFRuAFlWMtmgUWGe9UOG2Z25NqCwiIjRhOf5iKGuzSe5P2w1laq+FkRy4p+PCuVkJSGkzTEKVw=="
    },
    "node_modules/typescript": {
      "version": "4.9.5",
      "resolved": "https://registry.npmjs.org/typescript/-/typescript-4.9.5.tgz",
      "integrity": "sha512-1FXk9E2Hm+QzZQ7z+McJiHL4NW1F2EzMu9Nq9i3zAaGqibafqYwCVU6WyWAuyQRRzOlxou8xZSyXLEN8oKj24g==",
      "dev": true,
      "bin": {
        "tsc": "bin/tsc",
        "tsserver": "bin/tsserver"
      },
      "engines": {
        "node": ">=4.2.0"
      }
    }
  }
}
